
Microsoft Visual Studio Solution File, Format Version 12.00
# Visual Studio Version 16
VisualStudioVersion = 16.0.30413.136
MinimumVisualStudioVersion = 10.0.40219.1
Project("{FAE04EC0-301F-11D3-BF4B-00C04F79EFBC}") = "SocketServer", "SocketServer.csproj", "{EC89E82F-0435-407A-921D-0194DD642AED}"
EndProject
Global
	GlobalSection(SolutionConfigurationPlatforms) = preSolution
		Debug|Any CPU = Debug|Any CPU
		Release|Any CPU = Release|Any CPU
	EndGlobalSection
	GlobalSection(ProjectConfigurationPlatforms) = postSolution
		{EC89E82F-0435-407A-921D-0194DD642AED}.Debug|Any CPU.ActiveCfg = Debug|Any CPU
		{EC89E82F-0435-407A-921D-0194DD642AED}.Debug|Any CPU.Build.0 = Debug|Any CPU
		{EC89E82F-0435-407A-921D-0194DD642AED}.Release|Any CPU.ActiveCfg = Release|Any CPU
		{EC89E82F-0435-407A-921D-0194DD642AED}.Release|Any CPU.Build.0 = Release|Any CPU
	EndGlobalSection
	GlobalSection(SolutionProperties) = preSolution
		HideSolutionNode = FALSE
	EndGlobalSection
	GlobalSection(ExtensibilityGlobals) = postSolution
		SolutionGuid = {E4014CEB-C955-4009-B243-A08561F80765}
	EndGlobalSection
EndGlobal
